
Microsoft Visual Studio Solution File, Format Version 12.00
# Visual Studio Version 16
VisualStudioVersion = 16.0.30611.23
MinimumVisualStudioVersion = 10.0.40219.1
Project("{9A19103F-16F7-4668-BE54-9A1E7A4F7556}") = "Weather_bot", "Weather_bot.csproj", "{497BE8F2-61FA-47F1-B307-1F2008593788}"
EndProject
Global
	GlobalSection(SolutionConfigurationPlatforms) = preSolution
		Debug|Any CPU = Debug|Any CPU
		Release|Any CPU = Release|Any CPU
	EndGlobalSection
	GlobalSection(ProjectConfigurationPlatforms) = postSolution
		{497BE8F2-61FA-47F1-B307-1F2008593788}.Debug|Any CPU.ActiveCfg = Debug|Any CPU
		{497BE8F2-61FA-47F1-B307-1F2008593788}.Debug|Any CPU.Build.0 = Debug|Any CPU
		{497BE8F2-61FA-47F1-B307-1F2008593788}.Release|Any CPU.ActiveCfg = Release|Any CPU
		{497BE8F2-61FA-47F1-B307-1F2008593788}.Release|Any CPU.Build.0 = Release|Any CPU
	EndGlobalSection
	GlobalSection(SolutionProperties) = preSolution
		HideSolutionNode = FALSE
	EndGlobalSection
	GlobalSection(ExtensibilityGlobals) = postSolution
		SolutionGuid = {D0D6B7DD-5844-4D1A-A640-91F342491142}
	EndGlobalSection
EndGlobal
